Microsoft Visual Studio Solution File, Format Version 12.00
# Visual Studio 2013
VisualStudioVersion = 12.0.31101.0
MinimumVisualStudioVersion = 10.0.40219.1
Project("{FAE04EC0-301F-11D3-BF4B-00C04F79EFBC}") = "FileProvisioningAgent", "ProvisioningAgent\FileProvisioningAgent.csproj", "{8E216EE5-A3FA-499B-BB63-3003E0B7A87A}"
EndProject
Project("{FAE04EC0-301F-11D3-BF4B-00C04F79EFBC}") = "FileProvisioningAgentTests", "Tests\FileProvisioningAgentTests.csproj", "{8716B6E4-3323-4832-BC39-BCE5E64815D8}"
EndProject
Global
	GlobalSection(SolutionConfigurationPlatforms) = preSolution
		Debug|Any CPU = Debug|Any CPU
		Release|Any CPU = Release|Any CPU
	EndGlobalSection
	GlobalSection(ProjectConfigurationPlatforms) = postSolution
		{8E216EE5-A3FA-499B-BB63-3003E0B7A87A}.Debug|Any CPU.ActiveCfg = Debug|Any CPU
		{8E216EE5-A3FA-499B-BB63-3003E0B7A87A}.Debug|Any CPU.Build.0 = Debug|Any CPU
		{8E216EE5-A3FA-499B-BB63-3003E0B7A87A}.Release|Any CPU.ActiveCfg = Release|Any CPU
		{8E216EE5-A3FA-499B-BB63-3003E0B7A87A}.Release|Any CPU.Build.0 = Release|Any CPU
		{8716B6E4-3323-4832-BC39-BCE5E64815D8}.Debug|Any CPU.ActiveCfg = Debug|Any CPU
		{8716B6E4-3323-4832-BC39-BCE5E64815D8}.Debug|Any CPU.Build.0 = Debug|Any CPU
		{8716B6E4-3323-4832-BC39-BCE5E64815D8}.Release|Any CPU.ActiveCfg = Release|Any CPU
		{8716B6E4-3323-4832-BC39-BCE5E64815D8}.Release|Any CPU.Build.0 = Release|Any CPU
	EndGlobalSection
	GlobalSection(SolutionProperties) = preSolution
		HideSolutionNode = FALSE
	EndGlobalSection
EndGlobal
