Microsoft Visual Studio Solution File, Format Version 12.00
# Visual Studio 14
VisualStudioVersion = 14.0.25420.1
MinimumVisualStudioVersion = 10.0.40219.1
Project("{2150E333-8FDC-42A3-9474-1A3956D46DE8}") = ".nuget", ".nuget", "{F2748E04-F3FF-42DF-A7D0-22A636C11292}"
EndProject
Project("{FAE04EC0-301F-11D3-BF4B-00C04F79EFBC}") = "CompatibilityValidator", "CompatibilityValidator\CompatibilityValidator.csproj", "{6052FEA1-81BF-4362-8FA2-57C7814DC9D9}"
EndProject
Project("{FAE04EC0-301F-11D3-BF4B-00C04F79EFBC}") = "CompatibilityValidatorTests", "Tests\CompatibilityValidatorTests.csproj", "{C0F13FDD-6370-4E13-A7A5-0A389DFDF12F}"
EndProject
Global
	GlobalSection(SolutionConfigurationPlatforms) = preSolution
		Debug|Any CPU = Debug|Any CPU
		Release|Any CPU = Release|Any CPU
	EndGlobalSection
	GlobalSection(ProjectConfigurationPlatforms) = postSolution
		{6052FEA1-81BF-4362-8FA2-57C7814DC9D9}.Debug|Any CPU.ActiveCfg = Debug|Any CPU
		{6052FEA1-81BF-4362-8FA2-57C7814DC9D9}.Debug|Any CPU.Build.0 = Debug|Any CPU
		{6052FEA1-81BF-4362-8FA2-57C7814DC9D9}.Release|Any CPU.ActiveCfg = Release|Any CPU
		{6052FEA1-81BF-4362-8FA2-57C7814DC9D9}.Release|Any CPU.Build.0 = Release|Any CPU
		{C0F13FDD-6370-4E13-A7A5-0A389DFDF12F}.Debug|Any CPU.ActiveCfg = Debug|Any CPU
		{C0F13FDD-6370-4E13-A7A5-0A389DFDF12F}.Debug|Any CPU.Build.0 = Debug|Any CPU
		{C0F13FDD-6370-4E13-A7A5-0A389DFDF12F}.Release|Any CPU.ActiveCfg = Release|Any CPU
		{C0F13FDD-6370-4E13-A7A5-0A389DFDF12F}.Release|Any CPU.Build.0 = Release|Any CPU
	EndGlobalSection
	GlobalSection(SolutionProperties) = preSolution
		HideSolutionNode = FALSE
	EndGlobalSection
EndGlobal
